// !$*UTF8*$!
{
	archiveVersion = 1;
	classes = {
	};
	objectVersion = 48;
	objects = {

/* Begin PBXBuildFile section */
		3713145820388EBD0081EA47 /* Constants.swift in Sources */ = {isa = PBXBuildFile; fileRef = 3713145720388EBD0081EA47 /* Constants.swift */; };
		3713145A203892500081EA47 /* LoginVC.swift in Sources */ = {isa = PBXBuildFile; fileRef = 37131459203892500081EA47 /* LoginVC.swift */; };
		371E7A9F203B253D00CAD75C /* AuthService.swift in Sources */ = {isa = PBXBuildFile; fileRef = 371E7A9E203B253D00CAD75C /* AuthService.swift */; };
		371E7AA1203B43DD00CAD75C /* RoundedButton.swift in Sources */ = {isa = PBXBuildFile; fileRef = 371E7AA0203B43DD00CAD75C /* RoundedButton.swift */; };
		371E7AA3203B803A00CAD75C /* UserDataService.swift in Sources */ = {isa = PBXBuildFile; fileRef = 371E7AA2203B803A00CAD75C /* UserDataService.swift */; };
		371E7AA5203B897800CAD75C /* AvatarPickerVC.swift in Sources */ = {isa = PBXBuildFile; fileRef = 371E7AA4203B897800CAD75C /* AvatarPickerVC.swift */; };
		371E7AA7203B8B2000CAD75C /* AvatarCell.swift in Sources */ = {isa = PBXBuildFile; fileRef = 371E7AA6203B8B2000CAD75C /* AvatarCell.swift */; };
		37251F26203893E600FF75D2 /* SignupVC.swift in Sources */ = {isa = PBXBuildFile; fileRef = 37251F25203893E600FF75D2 /* SignupVC.swift */; };
		373465FD2037898C008673F2 /* SWRevealViewController.m in Sources */ = {isa = PBXBuildFile; fileRef = 373465FC2037898B008673F2 /* SWRevealViewController.m */; };
		37346602203794C9008673F2 /* ChatVC.swift in Sources */ = {isa = PBXBuildFile; fileRef = 37346601203794C9008673F2 /* ChatVC.swift */; };
		37346604203794D8008673F2 /* ChannelVC.swift in Sources */ = {isa = PBXBuildFile; fileRef = 37346603203794D8008673F2 /* ChannelVC.swift */; };
		374E52F1203880A400493CF5 /* GradientView.swift in Sources */ = {isa = PBXBuildFile; fileRef = 374E52F0203880A400493CF5 /* GradientView.swift */; };
		377BC2CF20387ED30007B301 /* Main.storyboard in Resources */ = {isa = PBXBuildFile; fileRef = 377BC2CE20387ED30007B301 /* Main.storyboard */; };
		37F75104203784A5009FB2E2 /* AppDelegate.swift in Sources */ = {isa = PBXBuildFile; fileRef = 37F75103203784A5009FB2E2 /* AppDelegate.swift */; };
		37F7510B203784A5009FB2E2 /* Assets.xcassets in Resources */ = {isa = PBXBuildFile; fileRef = 37F7510A203784A5009FB2E2 /* Assets.xcassets */; };
		37F7510E203784A5009FB2E2 /* LaunchScreen.storyboard in Resources */ = {isa = PBXBuildFile; fileRef = 37F7510C203784A5009FB2E2 /* LaunchScreen.storyboard */; };
		9A40A949B49D684045C00352 /* Pods_HashChat.framework in Frameworks */ = {isa = PBXBuildFile; fileRef = EC49D24D189ABA8B767A61BF /* Pods_HashChat.framework */; };
/* End PBXBuildFile section */

/* Begin PBXFileReference section */
		3713145720388EBD0081EA47 /* Constants.swift */ = {isa = PBXFileReference; lastKnownFileType = sourcecode.swift; path = Constants.swift; sourceTree = "<group>"; };
		37131459203892500081EA47 /* LoginVC.swift */ = {isa = PBXFileReference; lastKnownFileType = sourcecode.swift; path = LoginVC.swift; sourceTree = "<group>"; };
		371E7A9E203B253D00CAD75C /* AuthService.swift */ = {isa = PBXFileReference; lastKnownFileType = sourcecode.swift; path = AuthService.swift; sourceTree = "<group>"; };
		371E7AA0203B43DD00CAD75C /* RoundedButton.swift */ = {isa = PBXFileReference; lastKnownFileType = sourcecode.swift; path = RoundedButton.swift; sourceTree = "<group>"; };
		371E7AA2203B803A00CAD75C /* UserDataService.swift */ = {isa = PBXFileReference; lastKnownFileType = sourcecode.swift; path = UserDataService.swift; sourceTree = "<group>"; };
		371E7AA4203B897800CAD75C /* AvatarPickerVC.swift */ = {isa = PBXFileReference; lastKnownFileType = sourcecode.swift; path = AvatarPickerVC.swift; sourceTree = "<group>"; };
		371E7AA6203B8B2000CAD75C /* AvatarCell.swift */ = {isa = PBXFileReference; lastKnownFileType = sourcecode.swift; path = AvatarCell.swift; sourceTree = "<group>"; };
		37251F25203893E600FF75D2 /* SignupVC.swift */ = {isa = PBXFileReference; lastKnownFileType = sourcecode.swift; path = SignupVC.swift; sourceTree = "<group>"; };
		373465FA2037898A008673F2 /* HashChat-Bridging-Header.h */ = {isa = PBXFileReference; lastKnownFileType = sourcecode.c.h; path = "HashChat-Bridging-Header.h"; sourceTree = "<group>"; };
		373465FB2037898B008673F2 /* SWRevealViewController.h */ = {isa = PBXFileReference; fileEncoding = 4; lastKnownFileType = sourcecode.c.h; path = SWRevealViewController.h; sourceTree = "<group>"; };
		373465FC2037898B008673F2 /* SWRevealViewController.m */ = {isa = PBXFileReference; fileEncoding = 4; lastKnownFileType = sourcecode.c.objc; path = SWRevealViewController.m; sourceTree = "<group>"; };
		37346601203794C9008673F2 /* ChatVC.swift */ = {isa = PBXFileReference; lastKnownFileType = sourcecode.swift; path = ChatVC.swift; sourceTree = "<group>"; };
		37346603203794D8008673F2 /* ChannelVC.swift */ = {isa = PBXFileReference; lastKnownFileType = sourcecode.swift; path = ChannelVC.swift; sourceTree = "<group>"; };
		374E52F0203880A400493CF5 /* GradientView.swift */ = {isa = PBXFileReference; lastKnownFileType = sourcecode.swift; path = GradientView.swift; sourceTree = "<group>"; };
		377BC2CE20387ED30007B301 /* Main.storyboard */ = {isa = PBXFileReference; fileEncoding = 4; lastKnownFileType = file.storyboard; path = Main.storyboard; sourceTree = "<group>"; };
		37F75100203784A5009FB2E2 /* HashChat.app */ = {isa = PBXFileReference; explicitFileType = wrapper.application; includeInIndex = 0; path = HashChat.app; sourceTree = BUILT_PRODUCTS_DIR; };
		37F75103203784A5009FB2E2 /* AppDelegate.swift */ = {isa = PBXFileReference; lastKnownFileType = sourcecode.swift; path = AppDelegate.swift; sourceTree = "<group>"; };
		37F7510A203784A5009FB2E2 /* Assets.xcassets */ = {isa = PBXFileReference; lastKnownFileType = folder.assetcatalog; path = Assets.xcassets; sourceTree = "<group>"; };
		37F7510D203784A5009FB2E2 /* Base */ = {isa = PBXFileReference; lastKnownFileType = file.storyboard; name = Base; path = Base.lproj/LaunchScreen.storyboard; sourceTree = "<group>"; };
		37F7510F203784A5009FB2E2 /* Info.plist */ = {isa = PBXFileReference; lastKnownFileType = text.plist.xml; path = Info.plist; sourceTree = "<group>"; };
		496615BE8426649DAF630F93 /* Pods-HashChat.release.xcconfig */ = {isa = PBXFileReference; includeInIndex = 1; lastKnownFileType = text.xcconfig; name = "Pods-HashChat.release.xcconfig"; path = "Pods/Target Support Files/Pods-HashChat/Pods-HashChat.release.xcconfig"; sourceTree = "<group>"; };
		EC49D24D189ABA8B767A61BF /* Pods_HashChat.framework */ = {isa = PBXFileReference; explicitFileType = wrapper.framework; includeInIndex = 0; path = Pods_HashChat.framework; sourceTree = BUILT_PRODUCTS_DIR; };
		FD8CD66FF79C82A36014CBC1 /* Pods-HashChat.debug.xcconfig */ = {isa = PBXFileReference; includeInIndex = 1; lastKnownFileType = text.xcconfig; name = "Pods-HashChat.debug.xcconfig"; path = "Pods/Target Support Files/Pods-HashChat/Pods-HashChat.debug.xcconfig"; sourceTree = "<group>"; };
/* End PBXFileReference section */

/* Begin PBXFrameworksBuildPhase section */
		37F750FD203784A5009FB2E2 /* Frameworks */ = {
			isa = PBXFrameworksBuildPhase;
			buildActionMask = 2147483647;
			files = (
				9A40A949B49D684045C00352 /* Pods_HashChat.framework in Frameworks */,
			);
			runOnlyForDeploymentPostprocessing = 0;
		};
/* End PBXFrameworksBuildPhase section */

/* Begin PBXGroup section */
		2E87D77893CD74CD85FD2E72 /* Pods */ = {
			isa = PBXGroup;
			children = (
				FD8CD66FF79C82A36014CBC1 /* Pods-HashChat.debug.xcconfig */,
				496615BE8426649DAF630F93 /* Pods-HashChat.release.xcconfig */,
			);
			name = Pods;
			sourceTree = "<group>";
		};
		3713145620388EAA0081EA47 /* Utilities */ = {
			isa = PBXGroup;
			children = (
				3713145720388EBD0081EA47 /* Constants.swift */,
			);
			path = Utilities;
			sourceTree = "<group>";
		};
		371E7A9D203B252300CAD75C /* Services */ = {
			isa = PBXGroup;
			children = (
				371E7A9E203B253D00CAD75C /* AuthService.swift */,
				371E7AA2203B803A00CAD75C /* UserDataService.swift */,
			);
			path = Services;
			sourceTree = "<group>";
		};
		373465F92037896E008673F2 /* Supporting Files */ = {
			isa = PBXGroup;
			children = (
				373465FB2037898B008673F2 /* SWRevealViewController.h */,
				373465FC2037898B008673F2 /* SWRevealViewController.m */,
				373465FA2037898A008673F2 /* HashChat-Bridging-Header.h */,
			);
			path = "Supporting Files";
			sourceTree = "<group>";
		};
		373465FE20379489008673F2 /* View */ = {
			isa = PBXGroup;
			children = (
				374E52F0203880A400493CF5 /* GradientView.swift */,
				371E7AA0203B43DD00CAD75C /* RoundedButton.swift */,
				371E7AA6203B8B2000CAD75C /* AvatarCell.swift */,
			);
			path = View;
			sourceTree = "<group>";
		};
		373465FF20379491008673F2 /* Model */ = {
			isa = PBXGroup;
			children = (
			);
			path = Model;
			sourceTree = "<group>";
		};
		3734660020379496008673F2 /* Controller */ = {
			isa = PBXGroup;
			children = (
				37346601203794C9008673F2 /* ChatVC.swift */,
				37346603203794D8008673F2 /* ChannelVC.swift */,
				37131459203892500081EA47 /* LoginVC.swift */,
				37251F25203893E600FF75D2 /* SignupVC.swift */,
				371E7AA4203B897800CAD75C /* AvatarPickerVC.swift */,
			);
			path = Controller;
			sourceTree = "<group>";
		};
		37F750F7203784A5009FB2E2 = {
			isa = PBXGroup;
			children = (
				37F75102203784A5009FB2E2 /* HashChat */,
				37F75101203784A5009FB2E2 /* Products */,
				2E87D77893CD74CD85FD2E72 /* Pods */,
				AD289868E8625ED13840DC88 /* Frameworks */,
			);
			sourceTree = "<group>";
		};
		37F75101203784A5009FB2E2 /* Products */ = {
			isa = PBXGroup;
			children = (
				37F75100203784A5009FB2E2 /* HashChat.app */,
			);
			name = Products;
			sourceTree = "<group>";
		};
		37F75102203784A5009FB2E2 /* HashChat */ = {
			isa = PBXGroup;
			children = (
				371E7A9D203B252300CAD75C /* Services */,
				3713145620388EAA0081EA47 /* Utilities */,
				373465FF20379491008673F2 /* Model */,
				373465FE20379489008673F2 /* View */,
				3734660020379496008673F2 /* Controller */,
				373465F92037896E008673F2 /* Supporting Files */,
				37F75103203784A5009FB2E2 /* AppDelegate.swift */,
				377BC2CE20387ED30007B301 /* Main.storyboard */,
				37F7510A203784A5009FB2E2 /* Assets.xcassets */,
				37F7510C203784A5009FB2E2 /* LaunchScreen.storyboard */,
				37F7510F203784A5009FB2E2 /* Info.plist */,
			);
			path = HashChat;
			sourceTree = "<group>";
		};
		AD289868E8625ED13840DC88 /* Frameworks */ = {
			isa = PBXGroup;
			children = (
				EC49D24D189ABA8B767A61BF /* Pods_HashChat.framework */,
			);
			name = Frameworks;
			sourceTree = "<group>";
		};
/* End PBXGroup section */

/* Begin PBXNativeTarget section */
		37F750FF203784A5009FB2E2 /* HashChat */ = {
			isa = PBXNativeTarget;
			buildConfigurationList = 37F75112203784A5009FB2E2 /* Build configuration list for PBXNativeTarget "HashChat" */;
			buildPhases = (
				71DCC9F2E1FFAEBDA18145CB /* [CP] Check Pods Manifest.lock */,
				37F750FC203784A5009FB2E2 /* Sources */,
				37F750FD203784A5009FB2E2 /* Frameworks */,
				37F750FE203784A5009FB2E2 /* Resources */,
				286FD47A37F2FB1ECD407009 /* [CP] Embed Pods Frameworks */,
				4DF1E119C249056EE8CD37C7 /* [CP] Copy Pods Resources */,
			);
			buildRules = (
			);
			dependencies = (
			);
			name = HashChat;
			productName = HashChat;
			productReference = 37F75100203784A5009FB2E2 /* HashChat.app */;
			productType = "com.apple.product-type.application";
		};
/* End PBXNativeTarget section */

/* Begin PBXProject section */
		37F750F8203784A5009FB2E2 /* Project object */ = {
			isa = PBXProject;
			attributes = {
				LastSwiftUpdateCheck = 0920;
				LastUpgradeCheck = 0920;
				ORGANIZATIONNAME = "Andrii Kost";
				TargetAttributes = {
					37F750FF203784A5009FB2E2 = {
						CreatedOnToolsVersion = 9.2;
						LastSwiftMigration = 0920;
						ProvisioningStyle = Automatic;
					};
				};
			};
			buildConfigurationList = 37F750FB203784A5009FB2E2 /* Build configuration list for PBXProject "HashChat" */;
			compatibilityVersion = "Xcode 8.0";
			developmentRegion = en;
			hasScannedForEncodings = 0;
			knownRegions = (
				en,
				Base,
			);
			mainGroup = 37F750F7203784A5009FB2E2;
			productRefGroup = 37F75101203784A5009FB2E2 /* Products */;
			projectDirPath = "";
			projectRoot = "";
			targets = (
				37F750FF203784A5009FB2E2 /* HashChat */,
			);
		};
/* End PBXProject section */

/* Begin PBXResourcesBuildPhase section */
		37F750FE203784A5009FB2E2 /* Resources */ = {
			isa = PBXResourcesBuildPhase;
			buildActionMask = 2147483647;
			files = (
				377BC2CF20387ED30007B301 /* Main.storyboard in Resources */,
				37F7510E203784A5009FB2E2 /* LaunchScreen.storyboard in Resources */,
				37F7510B203784A5009FB2E2 /* Assets.xcassets in Resources */,
			);
			runOnlyForDeploymentPostprocessing = 0;
		};
/* End PBXResourcesBuildPhase section */

/* Begin PBXShellScriptBuildPhase section */
		286FD47A37F2FB1ECD407009 /* [CP] Embed Pods Frameworks */ = {
			isa = PBXShellScriptBuildPhase;
			buildActionMask = 2147483647;
			files = (
			);
			inputPaths = (
				"${SRCROOT}/Pods/Target Support Files/Pods-HashChat/Pods-HashChat-frameworks.sh",
				"${BUILT_PRODUCTS_DIR}/Alamofire/Alamofire.framework",
				"${BUILT_PRODUCTS_DIR}/Socket.IO-Client-Swift/SocketIO.framework",
				"${BUILT_PRODUCTS_DIR}/Starscream/Starscream.framework",
				"${BUILT_PRODUCTS_DIR}/SwiftyJSON/SwiftyJSON.framework",
			);
			name = "[CP] Embed Pods Frameworks";
			outputPaths = (
				"${TARGET_BUILD_DIR}/${FRAMEWORKS_FOLDER_PATH}/Alamofire.framework",
				"${TARGET_BUILD_DIR}/${FRAMEWORKS_FOLDER_PATH}/SocketIO.framework",
				"${TARGET_BUILD_DIR}/${FRAMEWORKS_FOLDER_PATH}/Starscream.framework",
				"${TARGET_BUILD_DIR}/${FRAMEWORKS_FOLDER_PATH}/SwiftyJSON.framework",
			);
			runOnlyForDeploymentPostprocessing = 0;
			shellPath = /bin/sh;
			shellScript = "\"${SRCROOT}/Pods/Target Support Files/Pods-HashChat/Pods-HashChat-frameworks.sh\"\n";
			showEnvVarsInLog = 0;
		};
		4DF1E119C249056EE8CD37C7 /* [CP] Copy Pods Resources */ = {
			isa = PBXShellScriptBuildPhase;
			buildActionMask = 2147483647;
			files = (
			);
			inputPaths = (
			);
			name = "[CP] Copy Pods Resources";
			outputPaths = (
			);
			runOnlyForDeploymentPostprocessing = 0;
			shellPath = /bin/sh;
			shellScript = "\"${SRCROOT}/Pods/Target Support Files/Pods-HashChat/Pods-HashChat-resources.sh\"\n";
			showEnvVarsInLog = 0;
		};
		71DCC9F2E1FFAEBDA18145CB /* [CP] Check Pods Manifest.lock */ = {
			isa = PBXShellScriptBuildPhase;
			buildActionMask = 2147483647;
			files = (
			);
			inputPaths = (
				"${PODS_PODFILE_DIR_PATH}/Podfile.lock",
				"${PODS_ROOT}/Manifest.lock",
			);
			name = "[CP] Check Pods Manifest.lock";
			outputPaths = (
				"$(DERIVED_FILE_DIR)/Pods-HashChat-checkManifestLockResult.txt",
			);
			runOnlyForDeploymentPostprocessing = 0;
			shellPath = /bin/sh;
			shellScript = "diff \"${PODS_PODFILE_DIR_PATH}/Podfile.lock\" \"${PODS_ROOT}/Manifest.lock\" > /dev/null\nif [ $? != 0 ] ; then\n    # print error to STDERR\n    echo \"error: The sandbox is not in sync with the Podfile.lock. Run 'pod install' or update your CocoaPods installation.\" >&2\n    exit 1\nfi\n# This output is used by Xcode 'outputs' to avoid re-running this script phase.\necho \"SUCCESS\" > \"${SCRIPT_OUTPUT_FILE_0}\"\n";
			showEnvVarsInLog = 0;
		};
/* End PBXShellScriptBuildPhase section */

/* Begin PBXSourcesBuildPhase section */
		37F750FC203784A5009FB2E2 /* Sources */ = {
			isa = PBXSourcesBuildPhase;
			buildActionMask = 2147483647;
			files = (
				37251F26203893E600FF75D2 /* SignupVC.swift in Sources */,
				371E7AA5203B897800CAD75C /* AvatarPickerVC.swift in Sources */,
				371E7AA1203B43DD00CAD75C /* RoundedButton.swift in Sources */,
				37346604203794D8008673F2 /* ChannelVC.swift in Sources */,
				371E7AA3203B803A00CAD75C /* UserDataService.swift in Sources */,
				37346602203794C9008673F2 /* ChatVC.swift in Sources */,
				371E7A9F203B253D00CAD75C /* AuthService.swift in Sources */,
				3713145A203892500081EA47 /* LoginVC.swift in Sources */,
				374E52F1203880A400493CF5 /* GradientView.swift in Sources */,
				371E7AA7203B8B2000CAD75C /* AvatarCell.swift in Sources */,
				37F75104203784A5009FB2E2 /* AppDelegate.swift in Sources */,
				373465FD2037898C008673F2 /* SWRevealViewController.m in Sources */,
				3713145820388EBD0081EA47 /* Constants.swift in Sources */,
			);
			runOnlyForDeploymentPostprocessing = 0;
		};
/* End PBXSourcesBuildPhase section */

/* Begin PBXVariantGroup section */
		37F7510C203784A5009FB2E2 /* LaunchScreen.storyboard */ = {
			isa = PBXVariantGroup;
			children = (
				37F7510D203784A5009FB2E2 /* Base */,
			);
			name = LaunchScreen.storyboard;
			sourceTree = "<group>";
		};
/* End PBXVariantGroup section */

/* Begin XCBuildConfiguration section */
		37F75110203784A5009FB2E2 /* Debug */ = {
			isa = XCBuildConfiguration;
			buildSettings = {
				ALWAYS_SEARCH_USER_PATHS = NO;
				CLANG_ANALYZER_NONNULL = YES;
				CLANG_ANALYZER_NUMBER_OBJECT_CONVERSION = YES_AGGRESSIVE;
				CLANG_CXX_LANGUAGE_STANDARD = "gnu++14";
				CLANG_CXX_LIBRARY = "libc++";
				CLANG_ENABLE_MODULES = YES;
				CLANG_ENABLE_OBJC_ARC = YES;
				CLANG_WARN_BLOCK_CAPTURE_AUTORELEASING = YES;
				CLANG_WARN_BOOL_CONVERSION = YES;
				CLANG_WARN_COMMA = YES;
				CLANG_WARN_CONSTANT_CONVERSION = YES;
				CLANG_WARN_DIRECT_OBJC_ISA_USAGE = YES_ERROR;
				CLANG_WARN_DOCUMENTATION_COMMENTS = YES;
				CLANG_WARN_EMPTY_BODY = YES;
				CLANG_WARN_ENUM_CONVERSION = YES;
				CLANG_WARN_INFINITE_RECURSION = YES;
				CLANG_WARN_INT_CONVERSION = YES;
				CLANG_WARN_NON_LITERAL_NULL_CONVERSION = YES;
				CLANG_WARN_OBJC_LITERAL_CONVERSION = YES;
				CLANG_WARN_OBJC_ROOT_CLASS = YES_ERROR;
				CLANG_WARN_RANGE_LOOP_ANALYSIS = YES;
				CLANG_WARN_STRICT_PROTOTYPES = YES;
				CLANG_WARN_SUSPICIOUS_MOVE = YES;
				CLANG_WARN_UNGUARDED_AVAILABILITY = YES_AGGRESSIVE;
				CLANG_WARN_UNREACHABLE_CODE = YES;
				CLANG_WARN__DUPLICATE_METHOD_MATCH = YES;
				CODE_SIGN_IDENTITY = "iPhone Developer";
				COPY_PHASE_STRIP = NO;
				DEBUG_INFORMATION_FORMAT = dwarf;
				ENABLE_STRICT_OBJC_MSGSEND = YES;
				ENABLE_TESTABILITY = YES;
				GCC_C_LANGUAGE_STANDARD = gnu11;
				GCC_DYNAMIC_NO_PIC = NO;
				GCC_NO_COMMON_BLOCKS = YES;
				GCC_OPTIMIZATION_LEVEL = 0;
				GCC_PREPROCESSOR_DEFINITIONS = (
					"DEBUG=1",
					"$(inherited)",
				);
				GCC_WARN_64_TO_32_BIT_CONVERSION = YES;
				GCC_WARN_ABOUT_RETURN_TYPE = YES_ERROR;
				GCC_WARN_UNDECLARED_SELECTOR = YES;
				GCC_WARN_UNINITIALIZED_AUTOS = YES_AGGRESSIVE;
				GCC_WARN_UNUSED_FUNCTION = YES;
				GCC_WARN_UNUSED_VARIABLE = YES;
				IPHONEOS_DEPLOYMENT_TARGET = 11.2;
				MTL_ENABLE_DEBUG_INFO = YES;
				ONLY_ACTIVE_ARCH = YES;
				SDKROOT = iphoneos;
				SWIFT_ACTIVE_COMPILATION_CONDITIONS = DEBUG;
				SWIFT_OPTIMIZATION_LEVEL = "-Onone";
			};
			name = Debug;
		};
		37F75111203784A5009FB2E2 /* Release */ = {
			isa = XCBuildConfiguration;
			buildSettings = {
				ALWAYS_SEARCH_USER_PATHS = NO;
				CLANG_ANALYZER_NONNULL = YES;
				CLANG_ANALYZER_NUMBER_OBJECT_CONVERSION = YES_AGGRESSIVE;
				CLANG_CXX_LANGUAGE_STANDARD = "gnu++14";
				CLANG_CXX_LIBRARY = "libc++";
				CLANG_ENABLE_MODULES = YES;
				CLANG_ENABLE_OBJC_ARC = YES;
				CLANG_WARN_BLOCK_CAPTURE_AUTORELEASING = YES;
				CLANG_WARN_BOOL_CONVERSION = YES;
				CLANG_WARN_COMMA = YES;
				CLANG_WARN_CONSTANT_CONVERSION = YES;
				CLANG_WARN_DIRECT_OBJC_ISA_USAGE = YES_ERROR;
				CLANG_WARN_DOCUMENTATION_COMMENTS = YES;
				CLANG_WARN_EMPTY_BODY = YES;
				CLANG_WARN_ENUM_CONVERSION = YES;
				CLANG_WARN_INFINITE_RECURSION = YES;
				CLANG_WARN_INT_CONVERSION = YES;
				CLANG_WARN_NON_LITERAL_NULL_CONVERSION = YES;
				CLANG_WARN_OBJC_LITERAL_CONVERSION = YES;
				CLANG_WARN_OBJC_ROOT_CLASS = YES_ERROR;
				CLANG_WARN_RANGE_LOOP_ANALYSIS = YES;
				CLANG_WARN_STRICT_PROTOTYPES = YES;
				CLANG_WARN_SUSPICIOUS_MOVE = YES;
				CLANG_WARN_UNGUARDED_AVAILABILITY = YES_AGGRESSIVE;
				CLANG_WARN_UNREACHABLE_CODE = YES;
				CLANG_WARN__DUPLICATE_METHOD_MATCH = YES;
				CODE_SIGN_IDENTITY = "iPhone Developer";
				COPY_PHASE_STRIP = NO;
				DEBUG_INFORMATION_FORMAT = "dwarf-with-dsym";
				ENABLE_NS_ASSERTIONS = NO;
				ENABLE_STRICT_OBJC_MSGSEND = YES;
				GCC_C_LANGUAGE_STANDARD = gnu11;
				GCC_NO_COMMON_BLOCKS = YES;
				GCC_WARN_64_TO_32_BIT_CONVERSION = YES;
				GCC_WARN_ABOUT_RETURN_TYPE = YES_ERROR;
				GCC_WARN_UNDECLARED_SELECTOR = YES;
				GCC_WARN_UNINITIALIZED_AUTOS = YES_AGGRESSIVE;
				GCC_WARN_UNUSED_FUNCTION = YES;
				GCC_WARN_UNUSED_VARIABLE = YES;
				IPHONEOS_DEPLOYMENT_TARGET = 11.2;
				MTL_ENABLE_DEBUG_INFO = NO;
				SDKROOT = iphoneos;
				SWIFT_OPTIMIZATION_LEVEL = "-Owholemodule";
				VALIDATE_PRODUCT = YES;
			};
			name = Release;
		};
		37F75113203784A5009FB2E2 /* Debug */ = {
			isa = XCBuildConfiguration;
			baseConfigurationReference = FD8CD66FF79C82A36014CBC1 /* Pods-HashChat.debug.xcconfig */;
			buildSettings = {
				ASSETCATALOG_COMPILER_APPICON_NAME = AppIcon;
				CLANG_ENABLE_MODULES = YES;
				CODE_SIGN_STYLE = Automatic;
				DEVELOPMENT_TEAM = R8N68LZNTN;
				INFOPLIST_FILE = HashChat/Info.plist;
				LD_RUNPATH_SEARCH_PATHS = "$(inherited) @executable_path/Frameworks";
				PRODUCT_BUNDLE_IDENTIFIER = com.deliandigital.HashChat;
				PRODUCT_NAME = "$(TARGET_NAME)";
				SWIFT_OBJC_BRIDGING_HEADER = "HashChat/Supporting Files/HashChat-Bridging-Header.h";
				SWIFT_OPTIMIZATION_LEVEL = "-Onone";
				SWIFT_VERSION = 4.0;
				TARGETED_DEVICE_FAMILY = "1,2";
			};
			name = Debug;
		};
		37F75114203784A5009FB2E2 /* Release */ = {
			isa = XCBuildConfiguration;
			baseConfigurationReference = 496615BE8426649DAF630F93 /* Pods-HashChat.release.xcconfig */;
			buildSettings = {
				ASSETCATALOG_COMPILER_APPICON_NAME = AppIcon;
				CLANG_ENABLE_MODULES = YES;
				CODE_SIGN_STYLE = Automatic;
				DEVELOPMENT_TEAM = R8N68LZNTN;
				INFOPLIST_FILE = HashChat/Info.plist;
				LD_RUNPATH_SEARCH_PATHS = "$(inherited) @executable_path/Frameworks";
				PRODUCT_BUNDLE_IDENTIFIER = com.deliandigital.HashChat;
				PRODUCT_NAME = "$(TARGET_NAME)";
				SWIFT_OBJC_BRIDGING_HEADER = "HashChat/Supporting Files/HashChat-Bridging-Header.h";
				SWIFT_VERSION = 4.0;
				TARGETED_DEVICE_FAMILY = "1,2";
			};
			name = Release;
		};
/* End XCBuildConfiguration section */

/* Begin XCConfigurationList section */
		37F750FB203784A5009FB2E2 /* Build configuration list for PBXProject "HashChat" */ = {
			isa = XCConfigurationList;
			buildConfigurations = (
				37F75110203784A5009FB2E2 /* Debug */,
				37F75111203784A5009FB2E2 /* Release */,
			);
			defaultConfigurationIsVisible = 0;
			defaultConfigurationName = Release;
		};
		37F75112203784A5009FB2E2 /* Build configuration list for PBXNativeTarget "HashChat" */ = {
			isa = XCConfigurationList;
			buildConfigurations = (
				37F75113203784A5009FB2E2 /* Debug */,
				37F75114203784A5009FB2E2 /* Release */,
			);
			defaultConfigurationIsVisible = 0;
			defaultConfigurationName = Release;
		};
/* End XCConfigurationList section */
	};
	rootObject = 37F750F8203784A5009FB2E2 /* Project object */;
}
